
Microsoft Visual Studio Solution File, Format Version 12.00
# Visual Studio Version 16
VisualStudioVersion = 16.0.30621.155
MinimumVisualStudioVersion = 10.0.40219.1
Project("{FAE04EC0-301F-11D3-BF4B-00C04F79EFBC}") = "projeSinav", "projeSinav\projeSinav.csproj", "{EBFAC920-1CBA-453B-8B65-66A60BC53731}"
EndProject
Global
	GlobalSection(SolutionConfigurationPlatforms) = preSolution
		Debug|Any CPU = Debug|Any CPU
		Release|Any CPU = Release|Any CPU
	EndGlobalSection
	GlobalSection(ProjectConfigurationPlatforms) = postSolution
		{EBFAC920-1CBA-453B-8B65-66A60BC53731}.Debug|Any CPU.ActiveCfg = Debug|Any CPU
		{EBFAC920-1CBA-453B-8B65-66A60BC53731}.Debug|Any CPU.Build.0 = Debug|Any CPU
		{EBFAC920-1CBA-453B-8B65-66A60BC53731}.Release|Any CPU.ActiveCfg = Release|Any CPU
		{EBFAC920-1CBA-453B-8B65-66A60BC53731}.Release|Any CPU.Build.0 = Release|Any CPU
	EndGlobalSection
	GlobalSection(SolutionProperties) = preSolution
		HideSolutionNode = FALSE
	EndGlobalSection
	GlobalSection(ExtensibilityGlobals) = postSolution
		SolutionGuid = {A08C576A-67FB-4D16-B486-DC0D8092A674}
	EndGlobalSection
EndGlobal
